
Microsoft Visual Studio Solution File, Format Version 12.00
# Visual Studio Version 16
VisualStudioVersion = 16.0.32802.440
MinimumVisualStudioVersion = 10.0.40219.1
Project("{FAE04EC0-301F-11D3-BF4B-00C04F79EFBC}") = "BookManagementSystem", "BookManagementSystem\BookManagementSystem.csproj", "{B60A903D-5405-4B20-B5F2-1219005CF7AA}"
EndProject
Global
	GlobalSection(SolutionConfigurationPlatforms) = preSolution
		Debug|Any CPU = Debug|Any CPU
		Release|Any CPU = Release|Any CPU
	EndGlobalSection
	GlobalSection(ProjectConfigurationPlatforms) = postSolution
		{B60A903D-5405-4B20-B5F2-1219005CF7AA}.Debug|Any CPU.ActiveCfg = Debug|Any CPU
		{B60A903D-5405-4B20-B5F2-1219005CF7AA}.Debug|Any CPU.Build.0 = Debug|Any CPU
		{B60A903D-5405-4B20-B5F2-1219005CF7AA}.Release|Any CPU.ActiveCfg = Release|Any CPU
		{B60A903D-5405-4B20-B5F2-1219005CF7AA}.Release|Any CPU.Build.0 = Release|Any CPU
	EndGlobalSection
	GlobalSection(SolutionProperties) = preSolution
		HideSolutionNode = FALSE
	EndGlobalSection
	GlobalSection(ExtensibilityGlobals) = postSolution
		SolutionGuid = {3E786814-C25B-48FA-9980-E053E56B4112}
	EndGlobalSection
EndGlobal
